
Microsoft Visual Studio Solution File, Format Version 12.00
# Visual Studio Version 17
VisualStudioVersion = 17.1.32407.343
MinimumVisualStudioVersion = 10.0.40219.1
Project("{9A19103F-16F7-4668-BE54-9A1E7A4F7556}") = "DDashboard", "DDashboard\DDashboard.csproj", "{EDD428B5-578E-496C-99DA-06DCCA288F00}"
EndProject
Project("{9A19103F-16F7-4668-BE54-9A1E7A4F7556}") = "DData", "DData\DData.csproj", "{6A9DEC8A-6B2E-480E-84D9-5C94CCF28600}"
EndProject
Project("{2150E333-8FDC-42A3-9474-1A3956D46DE8}") = "Infrastructure", "Infrastructure", "{C1CF29B7-2D43-4C22-9319-034A569D16AE}"
EndProject
Project("{9A19103F-16F7-4668-BE54-9A1E7A4F7556}") = "DSevices", "DSevices\DSevices.csproj", "{0E68AEA2-3DF6-4BB7-BE3C-AFC044651F3E}"
EndProject
Project("{2150E333-8FDC-42A3-9474-1A3956D46DE8}") = "Tutorial", "Tutorial", "{7456536B-750D-44C4-B234-6AEE549DEDCC}"
EndProject
Project("{2150E333-8FDC-42A3-9474-1A3956D46DE8}") = "1", "1", "{BBADE424-954C-4320-AEDD-64450E317A2D}"
EndProject
Project("{2150E333-8FDC-42A3-9474-1A3956D46DE8}") = "1NoDataBinding", "1NoDataBinding", "{B84574EC-0765-4240-9AC1-08405F66A891}"
EndProject
Project("{2150E333-8FDC-42A3-9474-1A3956D46DE8}") = "2BindingNoMVVM", "2BindingNoMVVM", "{93260D7A-E5A0-4130-A349-7CE246F62EA8}"
EndProject
Project("{2150E333-8FDC-42A3-9474-1A3956D46DE8}") = "3SimpleMVVM", "3SimpleMVVM", "{C09127C1-EC5B-4069-BB37-7A78E5A4021F}"
EndProject
Project("{9A19103F-16F7-4668-BE54-9A1E7A4F7556}") = "DDashboard", "DDashboard2\DDashboard.csproj", "{606BACC4-6E3E-4C3D-9366-8754C910AF57}"
EndProject
Project("{9A19103F-16F7-4668-BE54-9A1E7A4F7556}") = "DDashboard", "DDashboard3\DDashboard.csproj", "{FFBA0B9B-8387-48E3-BA79-998D13F870DE}"
EndProject
Project("{2150E333-8FDC-42A3-9474-1A3956D46DE8}") = "2", "2", "{334A7C57-2480-4D82-93AD-5A055DE89BD6}"
EndProject
Project("{9A19103F-16F7-4668-BE54-9A1E7A4F7556}") = "DListCustomers", "DListCustomers\DListCustomers.csproj", "{81AC8ED3-27F0-4AF7-A119-FA21D75291CF}"
EndProject
Project("{2150E333-8FDC-42A3-9474-1A3956D46DE8}") = "1", "1", "{84A6B07C-F5FC-4139-A1A6-4C5F226D9F96}"
EndProject
Project("{2150E333-8FDC-42A3-9474-1A3956D46DE8}") = "2", "2", "{9708292B-763D-46AC-8B26-874305CCD5B8}"
EndProject
Project("{9A19103F-16F7-4668-BE54-9A1E7A4F7556}") = "DListCustomers", "DListCustomers2\DListCustomers.csproj", "{2640C628-0099-42F7-8C44-9D4F147785E1}"
EndProject
Project("{2150E333-8FDC-42A3-9474-1A3956D46DE8}") = "3", "3", "{86FDD581-B07A-4C17-955E-5AB20970EBF0}"
EndProject
Project("{2150E333-8FDC-42A3-9474-1A3956D46DE8}") = "4", "4", "{57857004-F349-4CDF-8905-20FB53641670}"
EndProject
Project("{2150E333-8FDC-42A3-9474-1A3956D46DE8}") = "3", "3", "{4798CF42-9ECE-40AB-938A-CE82F25EE03C}"
EndProject
Project("{9A19103F-16F7-4668-BE54-9A1E7A4F7556}") = "DListCustomers", "DListCustomers3\DListCustomers.csproj", "{2B096440-CB4D-4858-AAE4-56B4B0AE3A87}"
EndProject
Global
	GlobalSection(SolutionConfigurationPlatforms) = preSolution
		Debug|Any CPU = Debug|Any CPU
		Release|Any CPU = Release|Any CPU
	EndGlobalSection
	GlobalSection(ProjectConfigurationPlatforms) = postSolution
		{EDD428B5-578E-496C-99DA-06DCCA288F00}.Debug|Any CPU.ActiveCfg = Debug|Any CPU
		{EDD428B5-578E-496C-99DA-06DCCA288F00}.Debug|Any CPU.Build.0 = Debug|Any CPU
		{EDD428B5-578E-496C-99DA-06DCCA288F00}.Release|Any CPU.ActiveCfg = Release|Any CPU
		{EDD428B5-578E-496C-99DA-06DCCA288F00}.Release|Any CPU.Build.0 = Release|Any CPU
		{6A9DEC8A-6B2E-480E-84D9-5C94CCF28600}.Debug|Any CPU.ActiveCfg = Debug|Any CPU
		{6A9DEC8A-6B2E-480E-84D9-5C94CCF28600}.Debug|Any CPU.Build.0 = Debug|Any CPU
		{6A9DEC8A-6B2E-480E-84D9-5C94CCF28600}.Release|Any CPU.ActiveCfg = Release|Any CPU
		{6A9DEC8A-6B2E-480E-84D9-5C94CCF28600}.Release|Any CPU.Build.0 = Release|Any CPU
		{0E68AEA2-3DF6-4BB7-BE3C-AFC044651F3E}.Debug|Any CPU.ActiveCfg = Debug|Any CPU
		{0E68AEA2-3DF6-4BB7-BE3C-AFC044651F3E}.Debug|Any CPU.Build.0 = Debug|Any CPU
		{0E68AEA2-3DF6-4BB7-BE3C-AFC044651F3E}.Release|Any CPU.ActiveCfg = Release|Any CPU
		{0E68AEA2-3DF6-4BB7-BE3C-AFC044651F3E}.Release|Any CPU.Build.0 = Release|Any CPU
		{606BACC4-6E3E-4C3D-9366-8754C910AF57}.Debug|Any CPU.ActiveCfg = Debug|Any CPU
		{606BACC4-6E3E-4C3D-9366-8754C910AF57}.Debug|Any CPU.Build.0 = Debug|Any CPU
		{606BACC4-6E3E-4C3D-9366-8754C910AF57}.Release|Any CPU.ActiveCfg = Release|Any CPU
		{606BACC4-6E3E-4C3D-9366-8754C910AF57}.Release|Any CPU.Build.0 = Release|Any CPU
		{FFBA0B9B-8387-48E3-BA79-998D13F870DE}.Debug|Any CPU.ActiveCfg = Debug|Any CPU
		{FFBA0B9B-8387-48E3-BA79-998D13F870DE}.Debug|Any CPU.Build.0 = Debug|Any CPU
		{FFBA0B9B-8387-48E3-BA79-998D13F870DE}.Release|Any CPU.ActiveCfg = Release|Any CPU
		{FFBA0B9B-8387-48E3-BA79-998D13F870DE}.Release|Any CPU.Build.0 = Release|Any CPU
		{81AC8ED3-27F0-4AF7-A119-FA21D75291CF}.Debug|Any CPU.ActiveCfg = Debug|Any CPU
		{81AC8ED3-27F0-4AF7-A119-FA21D75291CF}.Debug|Any CPU.Build.0 = Debug|Any CPU
		{81AC8ED3-27F0-4AF7-A119-FA21D75291CF}.Release|Any CPU.ActiveCfg = Release|Any CPU
		{81AC8ED3-27F0-4AF7-A119-FA21D75291CF}.Release|Any CPU.Build.0 = Release|Any CPU
		{2640C628-0099-42F7-8C44-9D4F147785E1}.Debug|Any CPU.ActiveCfg = Debug|Any CPU
		{2640C628-0099-42F7-8C44-9D4F147785E1}.Debug|Any CPU.Build.0 = Debug|Any CPU
		{2640C628-0099-42F7-8C44-9D4F147785E1}.Release|Any CPU.ActiveCfg = Release|Any CPU
		{2640C628-0099-42F7-8C44-9D4F147785E1}.Release|Any CPU.Build.0 = Release|Any CPU
		{2B096440-CB4D-4858-AAE4-56B4B0AE3A87}.Debug|Any CPU.ActiveCfg = Debug|Any CPU
		{2B096440-CB4D-4858-AAE4-56B4B0AE3A87}.Debug|Any CPU.Build.0 = Debug|Any CPU
		{2B096440-CB4D-4858-AAE4-56B4B0AE3A87}.Release|Any CPU.ActiveCfg = Release|Any CPU
		{2B096440-CB4D-4858-AAE4-56B4B0AE3A87}.Release|Any CPU.Build.0 = Release|Any CPU
	EndGlobalSection
	GlobalSection(SolutionProperties) = preSolution
		HideSolutionNode = FALSE
	EndGlobalSection
	GlobalSection(NestedProjects) = preSolution
		{EDD428B5-578E-496C-99DA-06DCCA288F00} = {B84574EC-0765-4240-9AC1-08405F66A891}
		{6A9DEC8A-6B2E-480E-84D9-5C94CCF28600} = {C1CF29B7-2D43-4C22-9319-034A569D16AE}
		{0E68AEA2-3DF6-4BB7-BE3C-AFC044651F3E} = {C1CF29B7-2D43-4C22-9319-034A569D16AE}
		{BBADE424-954C-4320-AEDD-64450E317A2D} = {7456536B-750D-44C4-B234-6AEE549DEDCC}
		{B84574EC-0765-4240-9AC1-08405F66A891} = {BBADE424-954C-4320-AEDD-64450E317A2D}
		{93260D7A-E5A0-4130-A349-7CE246F62EA8} = {BBADE424-954C-4320-AEDD-64450E317A2D}
		{C09127C1-EC5B-4069-BB37-7A78E5A4021F} = {BBADE424-954C-4320-AEDD-64450E317A2D}
		{606BACC4-6E3E-4C3D-9366-8754C910AF57} = {93260D7A-E5A0-4130-A349-7CE246F62EA8}
		{FFBA0B9B-8387-48E3-BA79-998D13F870DE} = {C09127C1-EC5B-4069-BB37-7A78E5A4021F}
		{334A7C57-2480-4D82-93AD-5A055DE89BD6} = {7456536B-750D-44C4-B234-6AEE549DEDCC}
		{81AC8ED3-27F0-4AF7-A119-FA21D75291CF} = {84A6B07C-F5FC-4139-A1A6-4C5F226D9F96}
		{84A6B07C-F5FC-4139-A1A6-4C5F226D9F96} = {334A7C57-2480-4D82-93AD-5A055DE89BD6}
		{9708292B-763D-46AC-8B26-874305CCD5B8} = {334A7C57-2480-4D82-93AD-5A055DE89BD6}
		{2640C628-0099-42F7-8C44-9D4F147785E1} = {9708292B-763D-46AC-8B26-874305CCD5B8}
		{86FDD581-B07A-4C17-955E-5AB20970EBF0} = {334A7C57-2480-4D82-93AD-5A055DE89BD6}
		{57857004-F349-4CDF-8905-20FB53641670} = {334A7C57-2480-4D82-93AD-5A055DE89BD6}
		{4798CF42-9ECE-40AB-938A-CE82F25EE03C} = {7456536B-750D-44C4-B234-6AEE549DEDCC}
		{2B096440-CB4D-4858-AAE4-56B4B0AE3A87} = {86FDD581-B07A-4C17-955E-5AB20970EBF0}
	EndGlobalSection
	GlobalSection(ExtensibilityGlobals) = postSolution
		SolutionGuid = {0CF9F87B-CC74-4F72-B2BC-75AD55FC068A}
	EndGlobalSection
EndGlobal
